// !$*UTF8*$!
{
	archiveVersion = 1;
	classes = {
	};
	objectVersion = 56;
	objects = {

/* Begin PBXBuildFile section */
		3657CDA32C3E2B1E005C8777 /* Domain.docc in Sources */ = {isa = PBXBuildFile; fileRef = 3657CDA22C3E2B1E005C8777 /* Domain.docc */; };
		3657CDA92C3E2B1E005C8777 /* Domain.framework in Frameworks */ = {isa = PBXBuildFile; fileRef = 3657CD9E2C3E2B1E005C8777 /* Domain.framework */; };
		3657CDAE2C3E2B1E005C8777 /* DomainTests.swift in Sources */ = {isa = PBXBuildFile; fileRef = 3657CDAD2C3E2B1E005C8777 /* DomainTests.swift */; };
		3657CDAF2C3E2B1E005C8777 /* Domain.h in Headers */ = {isa = PBXBuildFile; fileRef = 3657CDA12C3E2B1E005C8777 /* Domain.h */; settings = {ATTRIBUTES = (Public, ); }; };
		3657CDD72C3E2BF1005C8777 /* MovieDB.xcdatamodeld in Sources */ = {isa = PBXBuildFile; fileRef = 3657CDD52C3E2BF1005C8777 /* MovieDB.xcdatamodeld */; };
		3657CDD92C3E2C5C005C8777 /* CoreDataHelper.swift in Sources */ = {isa = PBXBuildFile; fileRef = 3657CDD82C3E2C5C005C8777 /* CoreDataHelper.swift */; };
		3657CDDB2C3E2C98005C8777 /* MovieRequest.swift in Sources */ = {isa = PBXBuildFile; fileRef = 3657CDDA2C3E2C98005C8777 /* MovieRequest.swift */; };
		3657CDDF2C3E2D17005C8777 /* MovieModel.swift in Sources */ = {isa = PBXBuildFile; fileRef = 3657CDDE2C3E2D16005C8777 /* MovieModel.swift */; };
		3657CDE12C3E2D24005C8777 /* MovieRepository.swift in Sources */ = {isa = PBXBuildFile; fileRef = 3657CDE02C3E2D24005C8777 /* MovieRepository.swift */; };
		3657CDE32C3E2D38005C8777 /* MovieUseCase.swift in Sources */ = {isa = PBXBuildFile; fileRef = 3657CDE22C3E2D38005C8777 /* MovieUseCase.swift */; };
		3657CDE52C3E2D43005C8777 /* genre.json in Resources */ = {isa = PBXBuildFile; fileRef = 3657CDE42C3E2D43005C8777 /* genre.json */; };
		3657CDE72C3E2D65005C8777 /* ListMovieResult.swift in Sources */ = {isa = PBXBuildFile; fileRef = 3657CDE62C3E2D65005C8777 /* ListMovieResult.swift */; };
		3657CDE92C3E2D8A005C8777 /* GenreModel.swift in Sources */ = {isa = PBXBuildFile; fileRef = 3657CDE82C3E2D8A005C8777 /* GenreModel.swift */; };
		3657CDF02C3E2F13005C8777 /* NetworkModule.framework in Frameworks */ = {isa = PBXBuildFile; fileRef = 3657CDEF2C3E2F13005C8777 /* NetworkModule.framework */; };
		36A52D442C3FB06800FBEB62 /* Domain.plist in Resources */ = {isa = PBXBuildFile; fileRef = 36A52D432C3FB06800FBEB62 /* Domain.plist */; };
/* End PBXBuildFile section */

/* Begin PBXContainerItemProxy section */
		3657CDAA2C3E2B1E005C8777 /* PBXContainerItemProxy */ = {
			isa = PBXContainerItemProxy;
			containerPortal = 3657CD952C3E2B1E005C8777 /* Project object */;
			proxyType = 1;
			remoteGlobalIDString = 3657CD9D2C3E2B1E005C8777;
			remoteInfo = Domain;
		};
/* End PBXContainerItemProxy section */

/* Begin PBXFileReference section */
		3657CD9E2C3E2B1E005C8777 /* Domain.framework */ = {isa = PBXFileReference; explicitFileType = wrapper.framework; includeInIndex = 0; path = Domain.framework; sourceTree = BUILT_PRODUCTS_DIR; };
		3657CDA12C3E2B1E005C8777 /* Domain.h */ = {isa = PBXFileReference; lastKnownFileType = sourcecode.c.h; path = Domain.h; sourceTree = "<group>"; };
		3657CDA22C3E2B1E005C8777 /* Domain.docc */ = {isa = PBXFileReference; lastKnownFileType = folder.documentationcatalog; path = Domain.docc; sourceTree = "<group>"; };
		3657CDA82C3E2B1E005C8777 /* DomainTests.xctest */ = {isa = PBXFileReference; explicitFileType = wrapper.cfbundle; includeInIndex = 0; path = DomainTests.xctest; sourceTree = BUILT_PRODUCTS_DIR; };
		3657CDAD2C3E2B1E005C8777 /* DomainTests.swift */ = {isa = PBXFileReference; lastKnownFileType = sourcecode.swift; path = DomainTests.swift; sourceTree = "<group>"; };
		3657CDD62C3E2BF1005C8777 /* MovieModel.xcdatamodel */ = {isa = PBXFileReference; lastKnownFileType = wrapper.xcdatamodel; path = MovieModel.xcdatamodel; sourceTree = "<group>"; };
		3657CDD82C3E2C5C005C8777 /* CoreDataHelper.swift */ = {isa = PBXFileReference; fileEncoding = 4; lastKnownFileType = sourcecode.swift; path = CoreDataHelper.swift; sourceTree = "<group>"; };
		3657CDDA2C3E2C98005C8777 /* MovieRequest.swift */ = {isa = PBXFileReference; fileEncoding = 4; lastKnownFileType = sourcecode.swift; path = MovieRequest.swift; sourceTree = "<group>"; };
		3657CDDE2C3E2D16005C8777 /* MovieModel.swift */ = {isa = PBXFileReference; fileEncoding = 4; lastKnownFileType = sourcecode.swift; path = MovieModel.swift; sourceTree = "<group>"; };
		3657CDE02C3E2D24005C8777 /* MovieRepository.swift */ = {isa = PBXFileReference; fileEncoding = 4; lastKnownFileType = sourcecode.swift; path = MovieRepository.swift; sourceTree = "<group>"; };
		3657CDE22C3E2D38005C8777 /* MovieUseCase.swift */ = {isa = PBXFileReference; fileEncoding = 4; lastKnownFileType = sourcecode.swift; path = MovieUseCase.swift; sourceTree = "<group>"; };
		3657CDE42C3E2D43005C8777 /* genre.json */ = {isa = PBXFileReference; fileEncoding = 4; lastKnownFileType = text.json; path = genre.json; sourceTree = "<group>"; };
		3657CDE62C3E2D65005C8777 /* ListMovieResult.swift */ = {isa = PBXFileReference; fileEncoding = 4; lastKnownFileType = sourcecode.swift; path = ListMovieResult.swift; sourceTree = "<group>"; };
		3657CDE82C3E2D8A005C8777 /* GenreModel.swift */ = {isa = PBXFileReference; fileEncoding = 4; lastKnownFileType = sourcecode.swift; path = GenreModel.swift; sourceTree = "<group>"; };
		3657CDEF2C3E2F13005C8777 /* NetworkModule.framework */ = {isa = PBXFileReference; explicitFileType = wrapper.framework; path = NetworkModule.framework; sourceTree = BUILT_PRODUCTS_DIR; };
		36A52D432C3FB06800FBEB62 /* Domain.plist */ = {isa = PBXFileReference; lastKnownFileType = text.plist.xml; path = Domain.plist; sourceTree = "<group>"; };
/* End PBXFileReference section */

/* Begin PBXFrameworksBuildPhase section */
		3657CD9B2C3E2B1E005C8777 /* Frameworks */ = {
			isa = PBXFrameworksBuildPhase;
			buildActionMask = 2147483647;
			files = (
				3657CDF02C3E2F13005C8777 /* NetworkModule.framework in Frameworks */,
			);
			runOnlyForDeploymentPostprocessing = 0;
		};
		3657CDA52C3E2B1E005C8777 /* Frameworks */ = {
			isa = PBXFrameworksBuildPhase;
			buildActionMask = 2147483647;
			files = (
				3657CDA92C3E2B1E005C8777 /* Domain.framework in Frameworks */,
			);
			runOnlyForDeploymentPostprocessing = 0;
		};
/* End PBXFrameworksBuildPhase section */

/* Begin PBXGroup section */
		3657CD942C3E2B1E005C8777 = {
			isa = PBXGroup;
			children = (
				3657CDA02C3E2B1E005C8777 /* Domain */,
				3657CDAC2C3E2B1E005C8777 /* DomainTests */,
				3657CD9F2C3E2B1E005C8777 /* Products */,
				3657CDEE2C3E2F13005C8777 /* Frameworks */,
			);
			sourceTree = "<group>";
		};
		3657CD9F2C3E2B1E005C8777 /* Products */ = {
			isa = PBXGroup;
			children = (
				3657CD9E2C3E2B1E005C8777 /* Domain.framework */,
				3657CDA82C3E2B1E005C8777 /* DomainTests.xctest */,
			);
			name = Products;
			sourceTree = "<group>";
		};
		3657CDA02C3E2B1E005C8777 /* Domain */ = {
			isa = PBXGroup;
			children = (
				3657CDA12C3E2B1E005C8777 /* Domain.h */,
				3657CDA22C3E2B1E005C8777 /* Domain.docc */,
				3657CDD82C3E2C5C005C8777 /* CoreDataHelper.swift */,
				3657CDDA2C3E2C98005C8777 /* MovieRequest.swift */,
				3657CDBA2C3E2B4E005C8777 /* Model */,
				3657CDBE2C3E2B4E005C8777 /* Repository */,
				3657CDB82C3E2B4E005C8777 /* UseCase */,
				3657CDD52C3E2BF1005C8777 /* MovieDB.xcdatamodeld */,
				36A52D432C3FB06800FBEB62 /* Domain.plist */,
			);
			path = Domain;
			sourceTree = "<group>";
		};
		3657CDAC2C3E2B1E005C8777 /* DomainTests */ = {
			isa = PBXGroup;
			children = (
				3657CDAD2C3E2B1E005C8777 /* DomainTests.swift */,
			);
			path = DomainTests;
			sourceTree = "<group>";
		};
		3657CDB82C3E2B4E005C8777 /* UseCase */ = {
			isa = PBXGroup;
			children = (
				3657CDE22C3E2D38005C8777 /* MovieUseCase.swift */,
			);
			name = UseCase;
			path = ../../Movie/Movie/UseCase;
			sourceTree = "<group>";
		};
		3657CDBA2C3E2B4E005C8777 /* Model */ = {
			isa = PBXGroup;
			children = (
				3657CDE82C3E2D8A005C8777 /* GenreModel.swift */,
				3657CDDE2C3E2D16005C8777 /* MovieModel.swift */,
				3657CDE62C3E2D65005C8777 /* ListMovieResult.swift */,
			);
			name = Model;
			path = ../../Movie/Movie/Model;
			sourceTree = "<group>";
		};
		3657CDBE2C3E2B4E005C8777 /* Repository */ = {
			isa = PBXGroup;
			children = (
				3657CDE02C3E2D24005C8777 /* MovieRepository.swift */,
				3657CDE42C3E2D43005C8777 /* genre.json */,
			);
			name = Repository;
			path = ../../Movie/Movie/Repository;
			sourceTree = "<group>";
		};
		3657CDEE2C3E2F13005C8777 /* Frameworks */ = {
			isa = PBXGroup;
			children = (
				3657CDEF2C3E2F13005C8777 /* NetworkModule.framework */,
			);
			name = Frameworks;
			sourceTree = "<group>";
		};
/* End PBXGroup section */

/* Begin PBXHeadersBuildPhase section */
		3657CD992C3E2B1E005C8777 /* Headers */ = {
			isa = PBXHeadersBuildPhase;
			buildActionMask = 2147483647;
			files = (
				3657CDAF2C3E2B1E005C8777 /* Domain.h in Headers */,
			);
			runOnlyForDeploymentPostprocessing = 0;
		};
/* End PBXHeadersBuildPhase section */

/* Begin PBXNativeTarget section */
		3657CD9D2C3E2B1E005C8777 /* Domain */ = {
			isa = PBXNativeTarget;
			buildConfigurationList = 3657CDB22C3E2B1E005C8777 /* Build configuration list for PBXNativeTarget "Domain" */;
			buildPhases = (
				3657CD992C3E2B1E005C8777 /* Headers */,
				3657CD9A2C3E2B1E005C8777 /* Sources */,
				3657CD9B2C3E2B1E005C8777 /* Frameworks */,
				3657CD9C2C3E2B1E005C8777 /* Resources */,
			);
			buildRules = (
			);
			dependencies = (
			);
			name = Domain;
			productName = Domain;
			productReference = 3657CD9E2C3E2B1E005C8777 /* Domain.framework */;
			productType = "com.apple.product-type.framework";
		};
		3657CDA72C3E2B1E005C8777 /* DomainTests */ = {
			isa = PBXNativeTarget;
			buildConfigurationList = 3657CDB52C3E2B1E005C8777 /* Build configuration list for PBXNativeTarget "DomainTests" */;
			buildPhases = (
				3657CDA42C3E2B1E005C8777 /* Sources */,
				3657CDA52C3E2B1E005C8777 /* Frameworks */,
				3657CDA62C3E2B1E005C8777 /* Resources */,
			);
			buildRules = (
			);
			dependencies = (
				3657CDAB2C3E2B1E005C8777 /* PBXTargetDependency */,
			);
			name = DomainTests;
			productName = DomainTests;
			productReference = 3657CDA82C3E2B1E005C8777 /* DomainTests.xctest */;
			productType = "com.apple.product-type.bundle.unit-test";
		};
/* End PBXNativeTarget section */

/* Begin PBXProject section */
		3657CD952C3E2B1E005C8777 /* Project object */ = {
			isa = PBXProject;
			attributes = {
				BuildIndependentTargetsInParallel = 1;
				LastSwiftUpdateCheck = 1520;
				LastUpgradeCheck = 1520;
				TargetAttributes = {
					3657CD9D2C3E2B1E005C8777 = {
						CreatedOnToolsVersion = 15.2;
					};
					3657CDA72C3E2B1E005C8777 = {
						CreatedOnToolsVersion = 15.2;
					};
				};
			};
			buildConfigurationList = 3657CD982C3E2B1E005C8777 /* Build configuration list for PBXProject "Domain" */;
			compatibilityVersion = "Xcode 14.0";
			developmentRegion = en;
			hasScannedForEncodings = 0;
			knownRegions = (
				en,
				Base,
			);
			mainGroup = 3657CD942C3E2B1E005C8777;
			productRefGroup = 3657CD9F2C3E2B1E005C8777 /* Products */;
			projectDirPath = "";
			projectRoot = "";
			targets = (
				3657CD9D2C3E2B1E005C8777 /* Domain */,
				3657CDA72C3E2B1E005C8777 /* DomainTests */,
			);
		};
/* End PBXProject section */

/* Begin PBXResourcesBuildPhase section */
		3657CD9C2C3E2B1E005C8777 /* Resources */ = {
			isa = PBXResourcesBuildPhase;
			buildActionMask = 2147483647;
			files = (
				36A52D442C3FB06800FBEB62 /* Domain.plist in Resources */,
				3657CDE52C3E2D43005C8777 /* genre.json in Resources */,
			);
			runOnlyForDeploymentPostprocessing = 0;
		};
		3657CDA62C3E2B1E005C8777 /* Resources */ = {
			isa = PBXResourcesBuildPhase;
			buildActionMask = 2147483647;
			files = (
			);
			runOnlyForDeploymentPostprocessing = 0;
		};
/* End PBXResourcesBuildPhase section */

/* Begin PBXSourcesBuildPhase section */
		3657CD9A2C3E2B1E005C8777 /* Sources */ = {
			isa = PBXSourcesBuildPhase;
			buildActionMask = 2147483647;
			files = (
				3657CDDF2C3E2D17005C8777 /* MovieModel.swift in Sources */,
				3657CDE92C3E2D8A005C8777 /* GenreModel.swift in Sources */,
				3657CDE72C3E2D65005C8777 /* ListMovieResult.swift in Sources */,
				3657CDDB2C3E2C98005C8777 /* MovieRequest.swift in Sources */,
				3657CDD92C3E2C5C005C8777 /* CoreDataHelper.swift in Sources */,
				3657CDE12C3E2D24005C8777 /* MovieRepository.swift in Sources */,
				3657CDA32C3E2B1E005C8777 /* Domain.docc in Sources */,
				3657CDE32C3E2D38005C8777 /* MovieUseCase.swift in Sources */,
				3657CDD72C3E2BF1005C8777 /* MovieDB.xcdatamodeld in Sources */,
			);
			runOnlyForDeploymentPostprocessing = 0;
		};
		3657CDA42C3E2B1E005C8777 /* Sources */ = {
			isa = PBXSourcesBuildPhase;
			buildActionMask = 2147483647;
			files = (
				3657CDAE2C3E2B1E005C8777 /* DomainTests.swift in Sources */,
			);
			runOnlyForDeploymentPostprocessing = 0;
		};
/* End PBXSourcesBuildPhase section */

/* Begin PBXTargetDependency section */
		3657CDAB2C3E2B1E005C8777 /* PBXTargetDependency */ = {
			isa = PBXTargetDependency;
			target = 3657CD9D2C3E2B1E005C8777 /* Domain */;
			targetProxy = 3657CDAA2C3E2B1E005C8777 /* PBXContainerItemProxy */;
		};
/* End PBXTargetDependency section */

/* Begin XCBuildConfiguration section */
		3657CDB02C3E2B1E005C8777 /* Debug */ = {
			isa = XCBuildConfiguration;
			buildSettings = {
				ALWAYS_SEARCH_USER_PATHS = NO;
				ASSETCATALOG_COMPILER_GENERATE_SWIFT_ASSET_SYMBOL_EXTENSIONS = YES;
				CLANG_ANALYZER_NONNULL = YES;
				CLANG_ANALYZER_NUMBER_OBJECT_CONVERSION = YES_AGGRESSIVE;
				CLANG_CXX_LANGUAGE_STANDARD = "gnu++20";
				CLANG_ENABLE_MODULES = YES;
				CLANG_ENABLE_OBJC_ARC = YES;
				CLANG_ENABLE_OBJC_WEAK = YES;
				CLANG_WARN_BLOCK_CAPTURE_AUTORELEASING = YES;
				CLANG_WARN_BOOL_CONVERSION = YES;
				CLANG_WARN_COMMA = YES;
				CLANG_WARN_CONSTANT_CONVERSION = YES;
				CLANG_WARN_DEPRECATED_OBJC_IMPLEMENTATIONS = YES;
				CLANG_WARN_DIRECT_OBJC_ISA_USAGE = YES_ERROR;
				CLANG_WARN_DOCUMENTATION_COMMENTS = YES;
				CLANG_WARN_EMPTY_BODY = YES;
				CLANG_WARN_ENUM_CONVERSION = YES;
				CLANG_WARN_INFINITE_RECURSION = YES;
				CLANG_WARN_INT_CONVERSION = YES;
				CLANG_WARN_NON_LITERAL_NULL_CONVERSION = YES;
				CLANG_WARN_OBJC_IMPLICIT_RETAIN_SELF = YES;
				CLANG_WARN_OBJC_LITERAL_CONVERSION = YES;
				CLANG_WARN_OBJC_ROOT_CLASS = YES_ERROR;
				CLANG_WARN_QUOTED_INCLUDE_IN_FRAMEWORK_HEADER = YES;
				CLANG_WARN_RANGE_LOOP_ANALYSIS = YES;
				CLANG_WARN_STRICT_PROTOTYPES = YES;
				CLANG_WARN_SUSPICIOUS_MOVE = YES;
				CLANG_WARN_UNGUARDED_AVAILABILITY = YES_AGGRESSIVE;
				CLANG_WARN_UNREACHABLE_CODE = YES;
				CLANG_WARN__DUPLICATE_METHOD_MATCH = YES;
				COPY_PHASE_STRIP = NO;
				CURRENT_PROJECT_VERSION = 1;
				DEBUG_INFORMATION_FORMAT = dwarf;
				ENABLE_STRICT_OBJC_MSGSEND = YES;
				ENABLE_TESTABILITY = YES;
				ENABLE_USER_SCRIPT_SANDBOXING = YES;
				GCC_C_LANGUAGE_STANDARD = gnu17;
				GCC_DYNAMIC_NO_PIC = NO;
				GCC_NO_COMMON_BLOCKS = YES;
				GCC_OPTIMIZATION_LEVEL = 0;
				GCC_PREPROCESSOR_DEFINITIONS = (
					"DEBUG=1",
					"$(inherited)",
				);
				GCC_WARN_64_TO_32_BIT_CONVERSION = YES;
				GCC_WARN_ABOUT_RETURN_TYPE = YES_ERROR;
				GCC_WARN_UNDECLARED_SELECTOR = YES;
				GCC_WARN_UNINITIALIZED_AUTOS = YES_AGGRESSIVE;
				GCC_WARN_UNUSED_FUNCTION = YES;
				GCC_WARN_UNUSED_VARIABLE = YES;
				IPHONEOS_DEPLOYMENT_TARGET = 17.2;
				LOCALIZATION_PREFERS_STRING_CATALOGS = YES;
				MTL_ENABLE_DEBUG_INFO = INCLUDE_SOURCE;
				MTL_FAST_MATH = YES;
				ONLY_ACTIVE_ARCH = YES;
				SDKROOT = iphoneos;
				SWIFT_ACTIVE_COMPILATION_CONDITIONS = "DEBUG $(inherited)";
				SWIFT_OPTIMIZATION_LEVEL = "-Onone";
				VERSIONING_SYSTEM = "apple-generic";
				VERSION_INFO_PREFIX = "";
			};
			name = Debug;
		};
		3657CDB12C3E2B1E005C8777 /* Release */ = {
			isa = XCBuildConfiguration;
			buildSettings = {
				ALWAYS_SEARCH_USER_PATHS = NO;
				ASSETCATALOG_COMPILER_GENERATE_SWIFT_ASSET_SYMBOL_EXTENSIONS = YES;
				CLANG_ANALYZER_NONNULL = YES;
				CLANG_ANALYZER_NUMBER_OBJECT_CONVERSION = YES_AGGRESSIVE;
				CLANG_CXX_LANGUAGE_STANDARD = "gnu++20";
				CLANG_ENABLE_MODULES = YES;
				CLANG_ENABLE_OBJC_ARC = YES;
				CLANG_ENABLE_OBJC_WEAK = YES;
				CLANG_WARN_BLOCK_CAPTURE_AUTORELEASING = YES;
				CLANG_WARN_BOOL_CONVERSION = YES;
				CLANG_WARN_COMMA = YES;
				CLANG_WARN_CONSTANT_CONVERSION = YES;
				CLANG_WARN_DEPRECATED_OBJC_IMPLEMENTATIONS = YES;
				CLANG_WARN_DIRECT_OBJC_ISA_USAGE = YES_ERROR;
				CLANG_WARN_DOCUMENTATION_COMMENTS = YES;
				CLANG_WARN_EMPTY_BODY = YES;
				CLANG_WARN_ENUM_CONVERSION = YES;
				CLANG_WARN_INFINITE_RECURSION = YES;
				CLANG_WARN_INT_CONVERSION = YES;
				CLANG_WARN_NON_LITERAL_NULL_CONVERSION = YES;
				CLANG_WARN_OBJC_IMPLICIT_RETAIN_SELF = YES;
				CLANG_WARN_OBJC_LITERAL_CONVERSION = YES;
				CLANG_WARN_OBJC_ROOT_CLASS = YES_ERROR;
				CLANG_WARN_QUOTED_INCLUDE_IN_FRAMEWORK_HEADER = YES;
				CLANG_WARN_RANGE_LOOP_ANALYSIS = YES;
				CLANG_WARN_STRICT_PROTOTYPES = YES;
				CLANG_WARN_SUSPICIOUS_MOVE = YES;
				CLANG_WARN_UNGUARDED_AVAILABILITY = YES_AGGRESSIVE;
				CLANG_WARN_UNREACHABLE_CODE = YES;
				CLANG_WARN__DUPLICATE_METHOD_MATCH = YES;
				COPY_PHASE_STRIP = NO;
				CURRENT_PROJECT_VERSION = 1;
				DEBUG_INFORMATION_FORMAT = "dwarf-with-dsym";
				ENABLE_NS_ASSERTIONS = NO;
				ENABLE_STRICT_OBJC_MSGSEND = YES;
				ENABLE_USER_SCRIPT_SANDBOXING = YES;
				GCC_C_LANGUAGE_STANDARD = gnu17;
				GCC_NO_COMMON_BLOCKS = YES;
				GCC_WARN_64_TO_32_BIT_CONVERSION = YES;
				GCC_WARN_ABOUT_RETURN_TYPE = YES_ERROR;
				GCC_WARN_UNDECLARED_SELECTOR = YES;
				GCC_WARN_UNINITIALIZED_AUTOS = YES_AGGRESSIVE;
				GCC_WARN_UNUSED_FUNCTION = YES;
				GCC_WARN_UNUSED_VARIABLE = YES;
				IPHONEOS_DEPLOYMENT_TARGET = 17.2;
				LOCALIZATION_PREFERS_STRING_CATALOGS = YES;
				MTL_ENABLE_DEBUG_INFO = NO;
				MTL_FAST_MATH = YES;
				SDKROOT = iphoneos;
				SWIFT_COMPILATION_MODE = wholemodule;
				VALIDATE_PRODUCT = YES;
				VERSIONING_SYSTEM = "apple-generic";
				VERSION_INFO_PREFIX = "";
			};
			name = Release;
		};
		3657CDB32C3E2B1E005C8777 /* Debug */ = {
			isa = XCBuildConfiguration;
			buildSettings = {
				CODE_SIGN_STYLE = Automatic;
				CURRENT_PROJECT_VERSION = 1;
				DEFINES_MODULE = YES;
				DEVELOPMENT_TEAM = S2CWGX338Z;
				DYLIB_COMPATIBILITY_VERSION = 1;
				DYLIB_CURRENT_VERSION = 1;
				DYLIB_INSTALL_NAME_BASE = "@rpath";
				ENABLE_MODULE_VERIFIER = YES;
				GENERATE_INFOPLIST_FILE = YES;
				INFOPLIST_KEY_NSHumanReadableCopyright = "";
				INSTALL_PATH = "$(LOCAL_LIBRARY_DIR)/Frameworks";
				IPHONEOS_DEPLOYMENT_TARGET = 13.0;
				LD_RUNPATH_SEARCH_PATHS = (
					"$(inherited)",
					"@executable_path/Frameworks",
					"@loader_path/Frameworks",
				);
				MARKETING_VERSION = 1.0;
				MODULE_VERIFIER_SUPPORTED_LANGUAGES = "objective-c objective-c++";
				MODULE_VERIFIER_SUPPORTED_LANGUAGE_STANDARDS = "gnu17 gnu++20";
				PRODUCT_BUNDLE_IDENTIFIER = form.Domain;
				PRODUCT_NAME = "$(TARGET_NAME:c99extidentifier)";
				SKIP_INSTALL = YES;
				SWIFT_EMIT_LOC_STRINGS = YES;
				SWIFT_VERSION = 5.0;
				TARGETED_DEVICE_FAMILY = "1,2";
			};
			name = Debug;
		};
		3657CDB42C3E2B1E005C8777 /* Release */ = {
			isa = XCBuildConfiguration;
			buildSettings = {
				CODE_SIGN_STYLE = Automatic;
				CURRENT_PROJECT_VERSION = 1;
				DEFINES_MODULE = YES;
				DEVELOPMENT_TEAM = S2CWGX338Z;
				DYLIB_COMPATIBILITY_VERSION = 1;
				DYLIB_CURRENT_VERSION = 1;
				DYLIB_INSTALL_NAME_BASE = "@rpath";
				ENABLE_MODULE_VERIFIER = YES;
				GENERATE_INFOPLIST_FILE = YES;
				INFOPLIST_KEY_NSHumanReadableCopyright = "";
				INSTALL_PATH = "$(LOCAL_LIBRARY_DIR)/Frameworks";
				IPHONEOS_DEPLOYMENT_TARGET = 13.0;
				LD_RUNPATH_SEARCH_PATHS = (
					"$(inherited)",
					"@executable_path/Frameworks",
					"@loader_path/Frameworks",
				);
				MARKETING_VERSION = 1.0;
				MODULE_VERIFIER_SUPPORTED_LANGUAGES = "objective-c objective-c++";
				MODULE_VERIFIER_SUPPORTED_LANGUAGE_STANDARDS = "gnu17 gnu++20";
				PRODUCT_BUNDLE_IDENTIFIER = form.Domain;
				PRODUCT_NAME = "$(TARGET_NAME:c99extidentifier)";
				SKIP_INSTALL = YES;
				SWIFT_EMIT_LOC_STRINGS = YES;
				SWIFT_VERSION = 5.0;
				TARGETED_DEVICE_FAMILY = "1,2";
			};
			name = Release;
		};
		3657CDB62C3E2B1E005C8777 /* Debug */ = {
			isa = XCBuildConfiguration;
			buildSettings = {
				ALWAYS_EMBED_SWIFT_STANDARD_LIBRARIES = YES;
				CODE_SIGN_STYLE = Automatic;
				CURRENT_PROJECT_VERSION = 1;
				DEVELOPMENT_TEAM = S2CWGX338Z;
				GENERATE_INFOPLIST_FILE = YES;
				MARKETING_VERSION = 1.0;
				PRODUCT_BUNDLE_IDENTIFIER = form.DomainTests;
				PRODUCT_NAME = "$(TARGET_NAME)";
				SWIFT_EMIT_LOC_STRINGS = NO;
				SWIFT_VERSION = 5.0;
				TARGETED_DEVICE_FAMILY = "1,2";
			};
			name = Debug;
		};
		3657CDB72C3E2B1E005C8777 /* Release */ = {
			isa = XCBuildConfiguration;
			buildSettings = {
				ALWAYS_EMBED_SWIFT_STANDARD_LIBRARIES = YES;
				CODE_SIGN_STYLE = Automatic;
				CURRENT_PROJECT_VERSION = 1;
				DEVELOPMENT_TEAM = S2CWGX338Z;
				GENERATE_INFOPLIST_FILE = YES;
				MARKETING_VERSION = 1.0;
				PRODUCT_BUNDLE_IDENTIFIER = form.DomainTests;
				PRODUCT_NAME = "$(TARGET_NAME)";
				SWIFT_EMIT_LOC_STRINGS = NO;
				SWIFT_VERSION = 5.0;
				TARGETED_DEVICE_FAMILY = "1,2";
			};
			name = Release;
		};
/* End XCBuildConfiguration section */

/* Begin XCConfigurationList section */
		3657CD982C3E2B1E005C8777 /* Build configuration list for PBXProject "Domain" */ = {
			isa = XCConfigurationList;
			buildConfigurations = (
				3657CDB02C3E2B1E005C8777 /* Debug */,
				3657CDB12C3E2B1E005C8777 /* Release */,
			);
			defaultConfigurationIsVisible = 0;
			defaultConfigurationName = Release;
		};
		3657CDB22C3E2B1E005C8777 /* Build configuration list for PBXNativeTarget "Domain" */ = {
			isa = XCConfigurationList;
			buildConfigurations = (
				3657CDB32C3E2B1E005C8777 /* Debug */,
				3657CDB42C3E2B1E005C8777 /* Release */,
			);
			defaultConfigurationIsVisible = 0;
			defaultConfigurationName = Release;
		};
		3657CDB52C3E2B1E005C8777 /* Build configuration list for PBXNativeTarget "DomainTests" */ = {
			isa = XCConfigurationList;
			buildConfigurations = (
				3657CDB62C3E2B1E005C8777 /* Debug */,
				3657CDB72C3E2B1E005C8777 /* Release */,
			);
			defaultConfigurationIsVisible = 0;
			defaultConfigurationName = Release;
		};
/* End XCConfigurationList section */

/* Begin XCVersionGroup section */
		3657CDD52C3E2BF1005C8777 /* MovieDB.xcdatamodeld */ = {
			isa = XCVersionGroup;
			children = (
				3657CDD62C3E2BF1005C8777 /* MovieModel.xcdatamodel */,
			);
			currentVersion = 3657CDD62C3E2BF1005C8777 /* MovieModel.xcdatamodel */;
			path = MovieDB.xcdatamodeld;
			sourceTree = "<group>";
			versionGroupType = wrapper.xcdatamodel;
		};
/* End XCVersionGroup section */
	};
	rootObject = 3657CD952C3E2B1E005C8777 /* Project object */;
}
