// !$*UTF8*$!
{
	archiveVersion = 1;
	classes = {
	};
	objectVersion = 56;
	objects = {

/* Begin PBXBuildFile section */
		3618A6C92C3E2507006E4E1B /* NetworkModule.docc in Sources */ = {isa = PBXBuildFile; fileRef = 3618A6C82C3E2507006E4E1B /* NetworkModule.docc */; };
		3618A6CF2C3E2508006E4E1B /* NetworkModule.framework in Frameworks */ = {isa = PBXBuildFile; fileRef = 3618A6C42C3E2507006E4E1B /* NetworkModule.framework */; };
		3618A6D42C3E2508006E4E1B /* NetworkModuleTests.swift in Sources */ = {isa = PBXBuildFile; fileRef = 3618A6D32C3E2508006E4E1B /* NetworkModuleTests.swift */; };
		3618A6D52C3E2508006E4E1B /* NetworkModule.h in Headers */ = {isa = PBXBuildFile; fileRef = 3618A6C72C3E2507006E4E1B /* NetworkModule.h */; settings = {ATTRIBUTES = (Public, ); }; };
		3657CD912C3E2933005C8777 /* ApiService.swift in Sources */ = {isa = PBXBuildFile; fileRef = 3657CD8E2C3E2933005C8777 /* ApiService.swift */; };
		3657CD922C3E2933005C8777 /* DataRequest.swift in Sources */ = {isa = PBXBuildFile; fileRef = 3657CD8F2C3E2933005C8777 /* DataRequest.swift */; };
		3657CD932C3E2933005C8777 /* ErrorResponse.swift in Sources */ = {isa = PBXBuildFile; fileRef = 3657CD902C3E2933005C8777 /* ErrorResponse.swift */; };
/* End PBXBuildFile section */

/* Begin PBXContainerItemProxy section */
		3618A6D02C3E2508006E4E1B /* PBXContainerItemProxy */ = {
			isa = PBXContainerItemProxy;
			containerPortal = 3618A6BB2C3E2507006E4E1B /* Project object */;
			proxyType = 1;
			remoteGlobalIDString = 3618A6C32C3E2507006E4E1B;
			remoteInfo = NetworkModule;
		};
/* End PBXContainerItemProxy section */

/* Begin PBXFileReference section */
		3618A6C42C3E2507006E4E1B /* NetworkModule.framework */ = {isa = PBXFileReference; explicitFileType = wrapper.framework; includeInIndex = 0; path = NetworkModule.framework; sourceTree = BUILT_PRODUCTS_DIR; };
		3618A6C72C3E2507006E4E1B /* NetworkModule.h */ = {isa = PBXFileReference; lastKnownFileType = sourcecode.c.h; path = NetworkModule.h; sourceTree = "<group>"; };
		3618A6C82C3E2507006E4E1B /* NetworkModule.docc */ = {isa = PBXFileReference; lastKnownFileType = folder.documentationcatalog; path = NetworkModule.docc; sourceTree = "<group>"; };
		3618A6CE2C3E2508006E4E1B /* NetworkModuleTests.xctest */ = {isa = PBXFileReference; explicitFileType = wrapper.cfbundle; includeInIndex = 0; path = NetworkModuleTests.xctest; sourceTree = BUILT_PRODUCTS_DIR; };
		3618A6D32C3E2508006E4E1B /* NetworkModuleTests.swift */ = {isa = PBXFileReference; lastKnownFileType = sourcecode.swift; path = NetworkModuleTests.swift; sourceTree = "<group>"; };
		3657CD8E2C3E2933005C8777 /* ApiService.swift */ = {isa = PBXFileReference; fileEncoding = 4; lastKnownFileType = sourcecode.swift; path = ApiService.swift; sourceTree = "<group>"; };
		3657CD8F2C3E2933005C8777 /* DataRequest.swift */ = {isa = PBXFileReference; fileEncoding = 4; lastKnownFileType = sourcecode.swift; path = DataRequest.swift; sourceTree = "<group>"; };
		3657CD902C3E2933005C8777 /* ErrorResponse.swift */ = {isa = PBXFileReference; fileEncoding = 4; lastKnownFileType = sourcecode.swift; path = ErrorResponse.swift; sourceTree = "<group>"; };
/* End PBXFileReference section */

/* Begin PBXFrameworksBuildPhase section */
		3618A6C12C3E2507006E4E1B /* Frameworks */ = {
			isa = PBXFrameworksBuildPhase;
			buildActionMask = 2147483647;
			files = (
			);
			runOnlyForDeploymentPostprocessing = 0;
		};
		3618A6CB2C3E2508006E4E1B /* Frameworks */ = {
			isa = PBXFrameworksBuildPhase;
			buildActionMask = 2147483647;
			files = (
				3618A6CF2C3E2508006E4E1B /* NetworkModule.framework in Frameworks */,
			);
			runOnlyForDeploymentPostprocessing = 0;
		};
/* End PBXFrameworksBuildPhase section */

/* Begin PBXGroup section */
		3618A6BA2C3E2507006E4E1B = {
			isa = PBXGroup;
			children = (
				3618A6C62C3E2507006E4E1B /* NetworkModule */,
				3618A6D22C3E2508006E4E1B /* NetworkModuleTests */,
				3618A6C52C3E2507006E4E1B /* Products */,
			);
			sourceTree = "<group>";
		};
		3618A6C52C3E2507006E4E1B /* Products */ = {
			isa = PBXGroup;
			children = (
				3618A6C42C3E2507006E4E1B /* NetworkModule.framework */,
				3618A6CE2C3E2508006E4E1B /* NetworkModuleTests.xctest */,
			);
			name = Products;
			sourceTree = "<group>";
		};
		3618A6C62C3E2507006E4E1B /* NetworkModule */ = {
			isa = PBXGroup;
			children = (
				3618A6C72C3E2507006E4E1B /* NetworkModule.h */,
				3618A6C82C3E2507006E4E1B /* NetworkModule.docc */,
				3657CD8E2C3E2933005C8777 /* ApiService.swift */,
				3657CD8F2C3E2933005C8777 /* DataRequest.swift */,
				3657CD902C3E2933005C8777 /* ErrorResponse.swift */,
			);
			path = NetworkModule;
			sourceTree = "<group>";
		};
		3618A6D22C3E2508006E4E1B /* NetworkModuleTests */ = {
			isa = PBXGroup;
			children = (
				3618A6D32C3E2508006E4E1B /* NetworkModuleTests.swift */,
			);
			path = NetworkModuleTests;
			sourceTree = "<group>";
		};
/* End PBXGroup section */

/* Begin PBXHeadersBuildPhase section */
		3618A6BF2C3E2507006E4E1B /* Headers */ = {
			isa = PBXHeadersBuildPhase;
			buildActionMask = 2147483647;
			files = (
				3618A6D52C3E2508006E4E1B /* NetworkModule.h in Headers */,
			);
			runOnlyForDeploymentPostprocessing = 0;
		};
/* End PBXHeadersBuildPhase section */

/* Begin PBXNativeTarget section */
		3618A6C32C3E2507006E4E1B /* NetworkModule */ = {
			isa = PBXNativeTarget;
			buildConfigurationList = 3618A6D82C3E2508006E4E1B /* Build configuration list for PBXNativeTarget "NetworkModule" */;
			buildPhases = (
				3618A6BF2C3E2507006E4E1B /* Headers */,
				3618A6C02C3E2507006E4E1B /* Sources */,
				3618A6C12C3E2507006E4E1B /* Frameworks */,
				3618A6C22C3E2507006E4E1B /* Resources */,
			);
			buildRules = (
			);
			dependencies = (
			);
			name = NetworkModule;
			productName = NetworkModule;
			productReference = 3618A6C42C3E2507006E4E1B /* NetworkModule.framework */;
			productType = "com.apple.product-type.framework";
		};
		3618A6CD2C3E2508006E4E1B /* NetworkModuleTests */ = {
			isa = PBXNativeTarget;
			buildConfigurationList = 3618A6DB2C3E2508006E4E1B /* Build configuration list for PBXNativeTarget "NetworkModuleTests" */;
			buildPhases = (
				3618A6CA2C3E2508006E4E1B /* Sources */,
				3618A6CB2C3E2508006E4E1B /* Frameworks */,
				3618A6CC2C3E2508006E4E1B /* Resources */,
			);
			buildRules = (
			);
			dependencies = (
				3618A6D12C3E2508006E4E1B /* PBXTargetDependency */,
			);
			name = NetworkModuleTests;
			productName = NetworkModuleTests;
			productReference = 3618A6CE2C3E2508006E4E1B /* NetworkModuleTests.xctest */;
			productType = "com.apple.product-type.bundle.unit-test";
		};
/* End PBXNativeTarget section */

/* Begin PBXProject section */
		3618A6BB2C3E2507006E4E1B /* Project object */ = {
			isa = PBXProject;
			attributes = {
				BuildIndependentTargetsInParallel = 1;
				LastSwiftUpdateCheck = 1520;
				LastUpgradeCheck = 1520;
				TargetAttributes = {
					3618A6C32C3E2507006E4E1B = {
						CreatedOnToolsVersion = 15.2;
					};
					3618A6CD2C3E2508006E4E1B = {
						CreatedOnToolsVersion = 15.2;
					};
				};
			};
			buildConfigurationList = 3618A6BE2C3E2507006E4E1B /* Build configuration list for PBXProject "NetworkModule" */;
			compatibilityVersion = "Xcode 14.0";
			developmentRegion = en;
			hasScannedForEncodings = 0;
			knownRegions = (
				en,
				Base,
			);
			mainGroup = 3618A6BA2C3E2507006E4E1B;
			productRefGroup = 3618A6C52C3E2507006E4E1B /* Products */;
			projectDirPath = "";
			projectRoot = "";
			targets = (
				3618A6C32C3E2507006E4E1B /* NetworkModule */,
				3618A6CD2C3E2508006E4E1B /* NetworkModuleTests */,
			);
		};
/* End PBXProject section */

/* Begin PBXResourcesBuildPhase section */
		3618A6C22C3E2507006E4E1B /* Resources */ = {
			isa = PBXResourcesBuildPhase;
			buildActionMask = 2147483647;
			files = (
			);
			runOnlyForDeploymentPostprocessing = 0;
		};
		3618A6CC2C3E2508006E4E1B /* Resources */ = {
			isa = PBXResourcesBuildPhase;
			buildActionMask = 2147483647;
			files = (
			);
			runOnlyForDeploymentPostprocessing = 0;
		};
/* End PBXResourcesBuildPhase section */

/* Begin PBXSourcesBuildPhase section */
		3618A6C02C3E2507006E4E1B /* Sources */ = {
			isa = PBXSourcesBuildPhase;
			buildActionMask = 2147483647;
			files = (
				3657CD932C3E2933005C8777 /* ErrorResponse.swift in Sources */,
				3618A6C92C3E2507006E4E1B /* NetworkModule.docc in Sources */,
				3657CD912C3E2933005C8777 /* ApiService.swift in Sources */,
				3657CD922C3E2933005C8777 /* DataRequest.swift in Sources */,
			);
			runOnlyForDeploymentPostprocessing = 0;
		};
		3618A6CA2C3E2508006E4E1B /* Sources */ = {
			isa = PBXSourcesBuildPhase;
			buildActionMask = 2147483647;
			files = (
				3618A6D42C3E2508006E4E1B /* NetworkModuleTests.swift in Sources */,
			);
			runOnlyForDeploymentPostprocessing = 0;
		};
/* End PBXSourcesBuildPhase section */

/* Begin PBXTargetDependency section */
		3618A6D12C3E2508006E4E1B /* PBXTargetDependency */ = {
			isa = PBXTargetDependency;
			target = 3618A6C32C3E2507006E4E1B /* NetworkModule */;
			targetProxy = 3618A6D02C3E2508006E4E1B /* PBXContainerItemProxy */;
		};
/* End PBXTargetDependency section */

/* Begin XCBuildConfiguration section */
		3618A6D62C3E2508006E4E1B /* Debug */ = {
			isa = XCBuildConfiguration;
			buildSettings = {
				ALWAYS_SEARCH_USER_PATHS = NO;
				ASSETCATALOG_COMPILER_GENERATE_SWIFT_ASSET_SYMBOL_EXTENSIONS = YES;
				CLANG_ANALYZER_NONNULL = YES;
				CLANG_ANALYZER_NUMBER_OBJECT_CONVERSION = YES_AGGRESSIVE;
				CLANG_CXX_LANGUAGE_STANDARD = "gnu++20";
				CLANG_ENABLE_MODULES = YES;
				CLANG_ENABLE_OBJC_ARC = YES;
				CLANG_ENABLE_OBJC_WEAK = YES;
				CLANG_WARN_BLOCK_CAPTURE_AUTORELEASING = YES;
				CLANG_WARN_BOOL_CONVERSION = YES;
				CLANG_WARN_COMMA = YES;
				CLANG_WARN_CONSTANT_CONVERSION = YES;
				CLANG_WARN_DEPRECATED_OBJC_IMPLEMENTATIONS = YES;
				CLANG_WARN_DIRECT_OBJC_ISA_USAGE = YES_ERROR;
				CLANG_WARN_DOCUMENTATION_COMMENTS = YES;
				CLANG_WARN_EMPTY_BODY = YES;
				CLANG_WARN_ENUM_CONVERSION = YES;
				CLANG_WARN_INFINITE_RECURSION = YES;
				CLANG_WARN_INT_CONVERSION = YES;
				CLANG_WARN_NON_LITERAL_NULL_CONVERSION = YES;
				CLANG_WARN_OBJC_IMPLICIT_RETAIN_SELF = YES;
				CLANG_WARN_OBJC_LITERAL_CONVERSION = YES;
				CLANG_WARN_OBJC_ROOT_CLASS = YES_ERROR;
				CLANG_WARN_QUOTED_INCLUDE_IN_FRAMEWORK_HEADER = YES;
				CLANG_WARN_RANGE_LOOP_ANALYSIS = YES;
				CLANG_WARN_STRICT_PROTOTYPES = YES;
				CLANG_WARN_SUSPICIOUS_MOVE = YES;
				CLANG_WARN_UNGUARDED_AVAILABILITY = YES_AGGRESSIVE;
				CLANG_WARN_UNREACHABLE_CODE = YES;
				CLANG_WARN__DUPLICATE_METHOD_MATCH = YES;
				COPY_PHASE_STRIP = NO;
				CURRENT_PROJECT_VERSION = 1;
				DEBUG_INFORMATION_FORMAT = dwarf;
				ENABLE_STRICT_OBJC_MSGSEND = YES;
				ENABLE_TESTABILITY = YES;
				ENABLE_USER_SCRIPT_SANDBOXING = YES;
				GCC_C_LANGUAGE_STANDARD = gnu17;
				GCC_DYNAMIC_NO_PIC = NO;
				GCC_NO_COMMON_BLOCKS = YES;
				GCC_OPTIMIZATION_LEVEL = 0;
				GCC_PREPROCESSOR_DEFINITIONS = (
					"DEBUG=1",
					"$(inherited)",
				);
				GCC_WARN_64_TO_32_BIT_CONVERSION = YES;
				GCC_WARN_ABOUT_RETURN_TYPE = YES_ERROR;
				GCC_WARN_UNDECLARED_SELECTOR = YES;
				GCC_WARN_UNINITIALIZED_AUTOS = YES_AGGRESSIVE;
				GCC_WARN_UNUSED_FUNCTION = YES;
				GCC_WARN_UNUSED_VARIABLE = YES;
				IPHONEOS_DEPLOYMENT_TARGET = 17.2;
				LOCALIZATION_PREFERS_STRING_CATALOGS = YES;
				MTL_ENABLE_DEBUG_INFO = INCLUDE_SOURCE;
				MTL_FAST_MATH = YES;
				ONLY_ACTIVE_ARCH = YES;
				SDKROOT = iphoneos;
				SWIFT_ACTIVE_COMPILATION_CONDITIONS = "DEBUG $(inherited)";
				SWIFT_OPTIMIZATION_LEVEL = "-Onone";
				VERSIONING_SYSTEM = "apple-generic";
				VERSION_INFO_PREFIX = "";
			};
			name = Debug;
		};
		3618A6D72C3E2508006E4E1B /* Release */ = {
			isa = XCBuildConfiguration;
			buildSettings = {
				ALWAYS_SEARCH_USER_PATHS = NO;
				ASSETCATALOG_COMPILER_GENERATE_SWIFT_ASSET_SYMBOL_EXTENSIONS = YES;
				CLANG_ANALYZER_NONNULL = YES;
				CLANG_ANALYZER_NUMBER_OBJECT_CONVERSION = YES_AGGRESSIVE;
				CLANG_CXX_LANGUAGE_STANDARD = "gnu++20";
				CLANG_ENABLE_MODULES = YES;
				CLANG_ENABLE_OBJC_ARC = YES;
				CLANG_ENABLE_OBJC_WEAK = YES;
				CLANG_WARN_BLOCK_CAPTURE_AUTORELEASING = YES;
				CLANG_WARN_BOOL_CONVERSION = YES;
				CLANG_WARN_COMMA = YES;
				CLANG_WARN_CONSTANT_CONVERSION = YES;
				CLANG_WARN_DEPRECATED_OBJC_IMPLEMENTATIONS = YES;
				CLANG_WARN_DIRECT_OBJC_ISA_USAGE = YES_ERROR;
				CLANG_WARN_DOCUMENTATION_COMMENTS = YES;
				CLANG_WARN_EMPTY_BODY = YES;
				CLANG_WARN_ENUM_CONVERSION = YES;
				CLANG_WARN_INFINITE_RECURSION = YES;
				CLANG_WARN_INT_CONVERSION = YES;
				CLANG_WARN_NON_LITERAL_NULL_CONVERSION = YES;
				CLANG_WARN_OBJC_IMPLICIT_RETAIN_SELF = YES;
				CLANG_WARN_OBJC_LITERAL_CONVERSION = YES;
				CLANG_WARN_OBJC_ROOT_CLASS = YES_ERROR;
				CLANG_WARN_QUOTED_INCLUDE_IN_FRAMEWORK_HEADER = YES;
				CLANG_WARN_RANGE_LOOP_ANALYSIS = YES;
				CLANG_WARN_STRICT_PROTOTYPES = YES;
				CLANG_WARN_SUSPICIOUS_MOVE = YES;
				CLANG_WARN_UNGUARDED_AVAILABILITY = YES_AGGRESSIVE;
				CLANG_WARN_UNREACHABLE_CODE = YES;
				CLANG_WARN__DUPLICATE_METHOD_MATCH = YES;
				COPY_PHASE_STRIP = NO;
				CURRENT_PROJECT_VERSION = 1;
				DEBUG_INFORMATION_FORMAT = "dwarf-with-dsym";
				ENABLE_NS_ASSERTIONS = NO;
				ENABLE_STRICT_OBJC_MSGSEND = YES;
				ENABLE_USER_SCRIPT_SANDBOXING = YES;
				GCC_C_LANGUAGE_STANDARD = gnu17;
				GCC_NO_COMMON_BLOCKS = YES;
				GCC_WARN_64_TO_32_BIT_CONVERSION = YES;
				GCC_WARN_ABOUT_RETURN_TYPE = YES_ERROR;
				GCC_WARN_UNDECLARED_SELECTOR = YES;
				GCC_WARN_UNINITIALIZED_AUTOS = YES_AGGRESSIVE;
				GCC_WARN_UNUSED_FUNCTION = YES;
				GCC_WARN_UNUSED_VARIABLE = YES;
				IPHONEOS_DEPLOYMENT_TARGET = 17.2;
				LOCALIZATION_PREFERS_STRING_CATALOGS = YES;
				MTL_ENABLE_DEBUG_INFO = NO;
				MTL_FAST_MATH = YES;
				SDKROOT = iphoneos;
				SWIFT_COMPILATION_MODE = wholemodule;
				VALIDATE_PRODUCT = YES;
				VERSIONING_SYSTEM = "apple-generic";
				VERSION_INFO_PREFIX = "";
			};
			name = Release;
		};
		3618A6D92C3E2508006E4E1B /* Debug */ = {
			isa = XCBuildConfiguration;
			buildSettings = {
				CODE_SIGN_STYLE = Automatic;
				CURRENT_PROJECT_VERSION = 1;
				DEFINES_MODULE = YES;
				DEVELOPMENT_TEAM = S2CWGX338Z;
				DYLIB_COMPATIBILITY_VERSION = 1;
				DYLIB_CURRENT_VERSION = 1;
				DYLIB_INSTALL_NAME_BASE = "@rpath";
				ENABLE_MODULE_VERIFIER = YES;
				GENERATE_INFOPLIST_FILE = YES;
				INFOPLIST_KEY_NSHumanReadableCopyright = "";
				INSTALL_PATH = "$(LOCAL_LIBRARY_DIR)/Frameworks";
				IPHONEOS_DEPLOYMENT_TARGET = 13.0;
				LD_RUNPATH_SEARCH_PATHS = (
					"$(inherited)",
					"@executable_path/Frameworks",
					"@loader_path/Frameworks",
				);
				MARKETING_VERSION = 1.0;
				MODULE_VERIFIER_SUPPORTED_LANGUAGES = "objective-c objective-c++";
				MODULE_VERIFIER_SUPPORTED_LANGUAGE_STANDARDS = "gnu17 gnu++20";
				PRODUCT_BUNDLE_IDENTIFIER = form.NetworkModule;
				PRODUCT_NAME = "$(TARGET_NAME:c99extidentifier)";
				SKIP_INSTALL = YES;
				SWIFT_EMIT_LOC_STRINGS = YES;
				SWIFT_VERSION = 5.0;
				TARGETED_DEVICE_FAMILY = "1,2";
			};
			name = Debug;
		};
		3618A6DA2C3E2508006E4E1B /* Release */ = {
			isa = XCBuildConfiguration;
			buildSettings = {
				CODE_SIGN_STYLE = Automatic;
				CURRENT_PROJECT_VERSION = 1;
				DEFINES_MODULE = YES;
				DEVELOPMENT_TEAM = S2CWGX338Z;
				DYLIB_COMPATIBILITY_VERSION = 1;
				DYLIB_CURRENT_VERSION = 1;
				DYLIB_INSTALL_NAME_BASE = "@rpath";
				ENABLE_MODULE_VERIFIER = YES;
				GENERATE_INFOPLIST_FILE = YES;
				INFOPLIST_KEY_NSHumanReadableCopyright = "";
				INSTALL_PATH = "$(LOCAL_LIBRARY_DIR)/Frameworks";
				IPHONEOS_DEPLOYMENT_TARGET = 13.0;
				LD_RUNPATH_SEARCH_PATHS = (
					"$(inherited)",
					"@executable_path/Frameworks",
					"@loader_path/Frameworks",
				);
				MARKETING_VERSION = 1.0;
				MODULE_VERIFIER_SUPPORTED_LANGUAGES = "objective-c objective-c++";
				MODULE_VERIFIER_SUPPORTED_LANGUAGE_STANDARDS = "gnu17 gnu++20";
				PRODUCT_BUNDLE_IDENTIFIER = form.NetworkModule;
				PRODUCT_NAME = "$(TARGET_NAME:c99extidentifier)";
				SKIP_INSTALL = YES;
				SWIFT_EMIT_LOC_STRINGS = YES;
				SWIFT_VERSION = 5.0;
				TARGETED_DEVICE_FAMILY = "1,2";
			};
			name = Release;
		};
		3618A6DC2C3E2508006E4E1B /* Debug */ = {
			isa = XCBuildConfiguration;
			buildSettings = {
				ALWAYS_EMBED_SWIFT_STANDARD_LIBRARIES = YES;
				CODE_SIGN_STYLE = Automatic;
				CURRENT_PROJECT_VERSION = 1;
				DEVELOPMENT_TEAM = S2CWGX338Z;
				GENERATE_INFOPLIST_FILE = YES;
				MARKETING_VERSION = 1.0;
				PRODUCT_BUNDLE_IDENTIFIER = form.NetworkModuleTests;
				PRODUCT_NAME = "$(TARGET_NAME)";
				SWIFT_EMIT_LOC_STRINGS = NO;
				SWIFT_VERSION = 5.0;
				TARGETED_DEVICE_FAMILY = "1,2";
			};
			name = Debug;
		};
		3618A6DD2C3E2508006E4E1B /* Release */ = {
			isa = XCBuildConfiguration;
			buildSettings = {
				ALWAYS_EMBED_SWIFT_STANDARD_LIBRARIES = YES;
				CODE_SIGN_STYLE = Automatic;
				CURRENT_PROJECT_VERSION = 1;
				DEVELOPMENT_TEAM = S2CWGX338Z;
				GENERATE_INFOPLIST_FILE = YES;
				MARKETING_VERSION = 1.0;
				PRODUCT_BUNDLE_IDENTIFIER = form.NetworkModuleTests;
				PRODUCT_NAME = "$(TARGET_NAME)";
				SWIFT_EMIT_LOC_STRINGS = NO;
				SWIFT_VERSION = 5.0;
				TARGETED_DEVICE_FAMILY = "1,2";
			};
			name = Release;
		};
/* End XCBuildConfiguration section */

/* Begin XCConfigurationList section */
		3618A6BE2C3E2507006E4E1B /* Build configuration list for PBXProject "NetworkModule" */ = {
			isa = XCConfigurationList;
			buildConfigurations = (
				3618A6D62C3E2508006E4E1B /* Debug */,
				3618A6D72C3E2508006E4E1B /* Release */,
			);
			defaultConfigurationIsVisible = 0;
			defaultConfigurationName = Release;
		};
		3618A6D82C3E2508006E4E1B /* Build configuration list for PBXNativeTarget "NetworkModule" */ = {
			isa = XCConfigurationList;
			buildConfigurations = (
				3618A6D92C3E2508006E4E1B /* Debug */,
				3618A6DA2C3E2508006E4E1B /* Release */,
			);
			defaultConfigurationIsVisible = 0;
			defaultConfigurationName = Release;
		};
		3618A6DB2C3E2508006E4E1B /* Build configuration list for PBXNativeTarget "NetworkModuleTests" */ = {
			isa = XCConfigurationList;
			buildConfigurations = (
				3618A6DC2C3E2508006E4E1B /* Debug */,
				3618A6DD2C3E2508006E4E1B /* Release */,
			);
			defaultConfigurationIsVisible = 0;
			defaultConfigurationName = Release;
		};
/* End XCConfigurationList section */
	};
	rootObject = 3618A6BB2C3E2507006E4E1B /* Project object */;
}
